# generated by rye
# use `rye lock` or `rye sync` to update this lockfile
#
# last locked with the following flags:
#   pre: false
#   features: []
#   all-features: false
#   with-sources: false
#   generate-hashes: false
#   universal: false

-e file:.
anytree==2.12.1
    # via practice-python
asttokens==2.4.1
    # via stack-data
black==24.4.2
click==8.1.7
    # via black
comm==0.2.2
    # via ipywidgets
contourpy==1.2.1
    # via matplotlib
cycler==0.12.1
    # via matplotlib
decorator==5.1.1
    # via ipython
et-xmlfile==1.1.0
    # via openpyxl
executing==2.0.1
    # via stack-data
fonttools==4.51.0
    # via matplotlib
iniconfig==2.0.0
    # via pytest
ipython==8.24.0
    # via ipywidgets
ipywidgets==8.1.2
    # via practice-python
jedi==0.19.1
    # via ipython
jupyterlab-widgets==3.0.10
    # via ipywidgets
kiwisolver==1.4.5
    # via matplotlib
matplotlib==3.8.4
    # via practice-python
matplotlib-inline==0.1.7
    # via ipython
mypy-extensions==1.0.0
    # via black
numpy==1.26.4
    # via contourpy
    # via matplotlib
    # via practice-python
openpyxl==3.1.2
    # via practice-python
packaging==24.0
    # via black
    # via matplotlib
    # via plotly
    # via pytest
parso==0.8.4
    # via jedi
pathspec==0.12.1
    # via black
pexpect==4.9.0
    # via ipython
pillow==10.3.0
    # via matplotlib
    # via wxpython
platformdirs==4.2.1
    # via black
plotly==5.21.0
    # via practice-python
pluggy==1.5.0
    # via pytest
prompt-toolkit==3.0.43
    # via ipython
ptyprocess==0.7.0
    # via pexpect
pure-eval==0.2.2
    # via stack-data
pygments==2.17.2
    # via ipython
pyparsing==3.1.2
    # via matplotlib
pytest==8.3.3
python-dateutil==2.9.0.post0
    # via matplotlib
six==1.16.0
    # via anytree
    # via asttokens
    # via python-dateutil
    # via wxpython
stack-data==0.6.3
    # via ipython
tenacity==8.2.3
    # via plotly
traitlets==5.14.3
    # via comm
    # via ipython
    # via ipywidgets
    # via matplotlib-inline
wcwidth==0.2.13
    # via prompt-toolkit
widgetsnbextension==4.0.10
    # via ipywidgets
wxpython==4.2.1
    # via practice-python
